// !$*UTF8*$!
// -----------------------------------------------------------------------
// KeyboardAI Xcode Project
// -----------------------------------------------------------------------
// NOTE: This is a template project.pbxproj file.
// For a fully functional Xcode project, you should:
//   1. Open Xcode
//   2. Create a new project: File → New → Project → App
//   3. Name: KeyboardAI, Bundle ID: com.keyboardai.app
//   4. Add a Keyboard Extension target: File → New → Target → Custom Keyboard Extension
//   5. Name: KeyboardExtension, Bundle ID: com.keyboardai.app.keyboard
//   6. Add App Group capability to BOTH targets: group.com.keyboardai.app
//   7. Replace the generated files with the ones in this project
//   8. Add Shared folder to BOTH targets
//
// See README.md for detailed setup instructions.
// -----------------------------------------------------------------------

// Xcode project files are binary/XML and must be generated by Xcode.
// This placeholder documents the required configuration.

/*
TARGETS:
  1. KeyboardAI (App)
     - Bundle ID: com.keyboardai.app
     - Deployment Target: iOS 17.0
     - Capabilities: App Groups (group.com.keyboardai.app)
     - Frameworks: SwiftUI, StoreKit
     
  2. KeyboardExtension (Keyboard Extension)
     - Bundle ID: com.keyboardai.app.keyboard
     - Deployment Target: iOS 17.0
     - Capabilities: App Groups (group.com.keyboardai.app)
     - Frameworks: SwiftUI, UIKit
     - Info.plist: RequestsOpenAccess = YES

SHARED FILES (add to BOTH targets):
  - Shared/Configuration.swift
  - Shared/KeychainManager.swift
  - Shared/NetworkManager.swift
  - Shared/AuthManager.swift
  - Shared/UsageTracker.swift
  - Shared/AIService.swift

APP-ONLY FILES:
  - App/KeyboardAIApp.swift
  - App/Theme.swift
  - App/Views/OnboardingView.swift
  - App/Views/MainView.swift
  - App/Views/SettingsView.swift
  - App/Views/ProUpgradeView.swift

EXTENSION-ONLY FILES:
  - KeyboardExtension/KeyboardViewController.swift
  - KeyboardExtension/KeyboardViewModel.swift
  - KeyboardExtension/Views/KeyboardMainView.swift
  - KeyboardExtension/Views/AIActionBar.swift
  - KeyboardExtension/Views/SuggestionChipsBar.swift
  - KeyboardExtension/Views/AIReplyBar.swift
  - KeyboardExtension/Views/LanguagePickerOverlay.swift
  - KeyboardExtension/Views/KeyButton.swift
  - KeyboardExtension/Views/LetterKeyboard.swift
  - KeyboardExtension/Views/NumberKeyboard.swift
  - KeyboardExtension/Views/SymbolKeyboard.swift
*/
